
Microsoft Visual Studio Solution File, Format Version 12.00
# Visual Studio 14
VisualStudioVersion = 14.0.24720.0
MinimumVisualStudioVersion = 10.0.40219.1
Project("{FAE04EC0-301F-11D3-BF4B-00C04F79EFBC}") = "Derivco", "Derivco\Derivco.csproj", "{1FF0D64D-96EE-4B74-8F47-BA5C7C173DB5}"
EndProject
Global
	GlobalSection(SolutionConfigurationPlatforms) = preSolution
		Debug|Any CPU = Debug|Any CPU
		Debug|x86 = Debug|x86
		Release|Any CPU = Release|Any CPU
		Release|x86 = Release|x86
		Test|Any CPU = Test|Any CPU
		Test|x86 = Test|x86
	EndGlobalSection
	GlobalSection(ProjectConfigurationPlatforms) = postSolution
		{1FF0D64D-96EE-4B74-8F47-BA5C7C173DB5}.Debug|Any CPU.ActiveCfg = Debug|Any CPU
		{1FF0D64D-96EE-4B74-8F47-BA5C7C173DB5}.Debug|Any CPU.Build.0 = Debug|Any CPU
		{1FF0D64D-96EE-4B74-8F47-BA5C7C173DB5}.Debug|x86.ActiveCfg = Debug|x86
		{1FF0D64D-96EE-4B74-8F47-BA5C7C173DB5}.Debug|x86.Build.0 = Debug|x86
		{1FF0D64D-96EE-4B74-8F47-BA5C7C173DB5}.Release|Any CPU.ActiveCfg = Release|Any CPU
		{1FF0D64D-96EE-4B74-8F47-BA5C7C173DB5}.Release|Any CPU.Build.0 = Release|Any CPU
		{1FF0D64D-96EE-4B74-8F47-BA5C7C173DB5}.Release|x86.ActiveCfg = Release|x86
		{1FF0D64D-96EE-4B74-8F47-BA5C7C173DB5}.Release|x86.Build.0 = Release|x86
		{1FF0D64D-96EE-4B74-8F47-BA5C7C173DB5}.Test|Any CPU.ActiveCfg = Test|Any CPU
		{1FF0D64D-96EE-4B74-8F47-BA5C7C173DB5}.Test|Any CPU.Build.0 = Test|Any CPU
		{1FF0D64D-96EE-4B74-8F47-BA5C7C173DB5}.Test|x86.ActiveCfg = Test|x86
		{1FF0D64D-96EE-4B74-8F47-BA5C7C173DB5}.Test|x86.Build.0 = Test|x86
	EndGlobalSection
	GlobalSection(SolutionProperties) = preSolution
		HideSolutionNode = FALSE
	EndGlobalSection
EndGlobal
